dependencies:
- name: common
  repository: https://charts.bitnami.com/bitnami
  version: 1.16.0
- name: postgresql
  repository: https://charts.bitnami.com/bitnami
  version: 10.16.2
- name: minio
  repository: https://charts.bitnami.com/bitnami
  version: 11.7.4
digest: sha256:3b186d0e008cc2c3286827f730542b992320fe6fd0abe52fe60ee9b98b2e7823
generated: "2022-06-15T11:35:14.642872-04:00"
